
Microsoft Visual Studio Solution File, Format Version 12.00
# Visual Studio Version 16
VisualStudioVersion = 16.0.28803.452
MinimumVisualStudioVersion = 10.0.40219.1
Project("{FAE04EC0-301F-11D3-BF4B-00C04F79EFBC}") = "parallel", "parallel\parallel.csproj", "{4B9F3983-24D3-488A-AE33-4FFE8E6D5567}"
EndProject
Global
	GlobalSection(SolutionConfigurationPlatforms) = preSolution
		Debug|Any CPU = Debug|Any CPU
		Release|Any CPU = Release|Any CPU
	EndGlobalSection
	GlobalSection(ProjectConfigurationPlatforms) = postSolution
		{4B9F3983-24D3-488A-AE33-4FFE8E6D5567}.Debug|Any CPU.ActiveCfg = Debug|Any CPU
		{4B9F3983-24D3-488A-AE33-4FFE8E6D5567}.Debug|Any CPU.Build.0 = Debug|Any CPU
		{4B9F3983-24D3-488A-AE33-4FFE8E6D5567}.Release|Any CPU.ActiveCfg = Release|Any CPU
		{4B9F3983-24D3-488A-AE33-4FFE8E6D5567}.Release|Any CPU.Build.0 = Release|Any CPU
	EndGlobalSection
	GlobalSection(SolutionProperties) = preSolution
		HideSolutionNode = FALSE
	EndGlobalSection
	GlobalSection(ExtensibilityGlobals) = postSolution
		SolutionGuid = {3BC728F9-7A7C-4C28-80BA-F4182039CAD7}
	EndGlobalSection
EndGlobal
